// !$*UTF8*$!
{
	archiveVersion = 1;
	classes = {
	};
	objectVersion = 50;
	objects = {

/* Begin PBXBuildFile section */
		FE24CFEB232F2FEC000DB8B4 /* AppDelegate.swift in Sources */ = {isa = PBXBuildFile; fileRef = FE24CFEA232F2FEC000DB8B4 /* AppDelegate.swift */; };
		FE24CFF0232F2FEC000DB8B4 /* Main.storyboard in Resources */ = {isa = PBXBuildFile; fileRef = FE24CFEE232F2FEC000DB8B4 /* Main.storyboard */; };
		FE24CFF2232F2FED000DB8B4 /* Assets.xcassets in Resources */ = {isa = PBXBuildFile; fileRef = FE24CFF1232F2FED000DB8B4 /* Assets.xcassets */; };
		FE24CFF5232F2FED000DB8B4 /* LaunchScreen.storyboard in Resources */ = {isa = PBXBuildFile; fileRef = FE24CFF3232F2FED000DB8B4 /* LaunchScreen.storyboard */; };
		FE24CFFD232F30E4000DB8B4 /* GenreButtonScreenViewController.swift in Sources */ = {isa = PBXBuildFile; fileRef = FE24CFFC232F30E4000DB8B4 /* GenreButtonScreenViewController.swift */; };
/* End PBXBuildFile section */

/* Begin PBXFileReference section */
		FE24CFE7232F2FEC000DB8B4 /* MusicPlayrer.app */ = {isa = PBXFileReference; explicitFileType = wrapper.application; includeInIndex = 0; path = MusicPlayrer.app; sourceTree = BUILT_PRODUCTS_DIR; };
		FE24CFEA232F2FEC000DB8B4 /* AppDelegate.swift */ = {isa = PBXFileReference; lastKnownFileType = sourcecode.swift; path = AppDelegate.swift; sourceTree = "<group>"; };
		FE24CFEF232F2FEC000DB8B4 /* Base */ = {isa = PBXFileReference; lastKnownFileType = file.storyboard; name = Base; path = Base.lproj/Main.storyboard; sourceTree = "<group>"; };
		FE24CFF1232F2FED000DB8B4 /* Assets.xcassets */ = {isa = PBXFileReference; lastKnownFileType = folder.assetcatalog; path = Assets.xcassets; sourceTree = "<group>"; };
		FE24CFF4232F2FED000DB8B4 /* Base */ = {isa = PBXFileReference; lastKnownFileType = file.storyboard; name = Base; path = Base.lproj/LaunchScreen.storyboard; sourceTree = "<group>"; };
		FE24CFF6232F2FED000DB8B4 /* Info.plist */ = {isa = PBXFileReference; lastKnownFileType = text.plist.xml; path = Info.plist; sourceTree = "<group>"; };
		FE24CFFC232F30E4000DB8B4 /* GenreButtonScreenViewController.swift */ = {isa = PBXFileReference; lastKnownFileType = sourcecode.swift; path = GenreButtonScreenViewController.swift; sourceTree = "<group>"; };
/* End PBXFileReference section */

/* Begin PBXFrameworksBuildPhase section */
		FE24CFE4232F2FEC000DB8B4 /* Frameworks */ = {
			isa = PBXFrameworksBuildPhase;
			buildActionMask = 2147483647;
			files = (
			);
			runOnlyForDeploymentPostprocessing = 0;
		};
/* End PBXFrameworksBuildPhase section */

/* Begin PBXGroup section */
		FE24CFDE232F2FEC000DB8B4 = {
			isa = PBXGroup;
			children = (
				FE24CFE9232F2FEC000DB8B4 /* MusicPlayrer */,
				FE24CFE8232F2FEC000DB8B4 /* Products */,
			);
			sourceTree = "<group>";
		};
		FE24CFE8232F2FEC000DB8B4 /* Products */ = {
			isa = PBXGroup;
			children = (
				FE24CFE7232F2FEC000DB8B4 /* MusicPlayrer.app */,
			);
			name = Products;
			sourceTree = "<group>";
		};
		FE24CFE9232F2FEC000DB8B4 /* MusicPlayrer */ = {
			isa = PBXGroup;
			children = (
				FE24CFEA232F2FEC000DB8B4 /* AppDelegate.swift */,
				FE24CFFC232F30E4000DB8B4 /* GenreButtonScreenViewController.swift */,
				FE24CFEE232F2FEC000DB8B4 /* Main.storyboard */,
				FE24CFF1232F2FED000DB8B4 /* Assets.xcassets */,
				FE24CFF3232F2FED000DB8B4 /* LaunchScreen.storyboard */,
				FE24CFF6232F2FED000DB8B4 /* Info.plist */,
			);
			path = MusicPlayrer;
			sourceTree = "<group>";
		};
/* End PBXGroup section */

/* Begin PBXNativeTarget section */
		FE24CFE6232F2FEC000DB8B4 /* MusicPlayrer */ = {
			isa = PBXNativeTarget;
			buildConfigurationList = FE24CFF9232F2FED000DB8B4 /* Build configuration list for PBXNativeTarget "MusicPlayrer" */;
			buildPhases = (
				FE24CFE3232F2FEC000DB8B4 /* Sources */,
				FE24CFE4232F2FEC000DB8B4 /* Frameworks */,
				FE24CFE5232F2FEC000DB8B4 /* Resources */,
			);
			buildRules = (
			);
			dependencies = (
			);
			name = MusicPlayrer;
			productName = MusicPlayrer;
			productReference = FE24CFE7232F2FEC000DB8B4 /* MusicPlayrer.app */;
			productType = "com.apple.product-type.application";
		};
/* End PBXNativeTarget section */

/* Begin PBXProject section */
		FE24CFDF232F2FEC000DB8B4 /* Project object */ = {
			isa = PBXProject;
			attributes = {
				LastSwiftUpdateCheck = 1030;
				LastUpgradeCheck = 1030;
				ORGANIZATIONNAME = "Jose Tobar";
				TargetAttributes = {
					FE24CFE6232F2FEC000DB8B4 = {
						CreatedOnToolsVersion = 10.3;
					};
				};
			};
			buildConfigurationList = FE24CFE2232F2FEC000DB8B4 /* Build configuration list for PBXProject "MusicPlayrer" */;
			compatibilityVersion = "Xcode 9.3";
			developmentRegion = en;
			hasScannedForEncodings = 0;
			knownRegions = (
				en,
				Base,
			);
			mainGroup = FE24CFDE232F2FEC000DB8B4;
			productRefGroup = FE24CFE8232F2FEC000DB8B4 /* Products */;
			projectDirPath = "";
			projectRoot = "";
			targets = (
				FE24CFE6232F2FEC000DB8B4 /* MusicPlayrer */,
			);
		};
/* End PBXProject section */

/* Begin PBXResourcesBuildPhase section */
		FE24CFE5232F2FEC000DB8B4 /* Resources */ = {
			isa = PBXResourcesBuildPhase;
			buildActionMask = 2147483647;
			files = (
				FE24CFF5232F2FED000DB8B4 /* LaunchScreen.storyboard in Resources */,
				FE24CFF2232F2FED000DB8B4 /* Assets.xcassets in Resources */,
				FE24CFF0232F2FEC000DB8B4 /* Main.storyboard in Resources */,
			);
			runOnlyForDeploymentPostprocessing = 0;
		};
/* End PBXResourcesBuildPhase section */

/* Begin PBXSourcesBuildPhase section */
		FE24CFE3232F2FEC000DB8B4 /* Sources */ = {
			isa = PBXSourcesBuildPhase;
			buildActionMask = 2147483647;
			files = (
				FE24CFFD232F30E4000DB8B4 /* GenreButtonScreenViewController.swift in Sources */,
				FE24CFEB232F2FEC000DB8B4 /* AppDelegate.swift in Sources */,
			);
			runOnlyForDeploymentPostprocessing = 0;
		};
/* End PBXSourcesBuildPhase section */

/* Begin PBXVariantGroup section */
		FE24CFEE232F2FEC000DB8B4 /* Main.storyboard */ = {
			isa = PBXVariantGroup;
			children = (
				FE24CFEF232F2FEC000DB8B4 /* Base */,
			);
			name = Main.storyboard;
			sourceTree = "<group>";
		};
		FE24CFF3232F2FED000DB8B4 /* LaunchScreen.storyboard */ = {
			isa = PBXVariantGroup;
			children = (
				FE24CFF4232F2FED000DB8B4 /* Base */,
			);
			name = LaunchScreen.storyboard;
			sourceTree = "<group>";
		};
/* End PBXVariantGroup section */

/* Begin XCBuildConfiguration section */
		FE24CFF7232F2FED000DB8B4 /* Debug */ = {
			isa = XCBuildConfiguration;
			buildSettings = {
				ALWAYS_SEARCH_USER_PATHS = NO;
				CLANG_ANALYZER_NONNULL = YES;
				CLANG_ANALYZER_NUMBER_OBJECT_CONVERSION = YES_AGGRESSIVE;
				CLANG_CXX_LANGUAGE_STANDARD = "gnu++14";
				CLANG_CXX_LIBRARY = "libc++";
				CLANG_ENABLE_MODULES = YES;
				CLANG_ENABLE_OBJC_ARC = YES;
				CLANG_ENABLE_OBJC_WEAK = YES;
				CLANG_WARN_BLOCK_CAPTURE_AUTORELEASING = YES;
				CLANG_WARN_BOOL_CONVERSION = YES;
				CLANG_WARN_COMMA = YES;
				CLANG_WARN_CONSTANT_CONVERSION = YES;
				CLANG_WARN_DEPRECATED_OBJC_IMPLEMENTATIONS = YES;
				CLANG_WARN_DIRECT_OBJC_ISA_USAGE = YES_ERROR;
				CLANG_WARN_DOCUMENTATION_COMMENTS = YES;
				CLANG_WARN_EMPTY_BODY = YES;
				CLANG_WARN_ENUM_CONVERSION = YES;
				CLANG_WARN_INFINITE_RECURSION = YES;
				CLANG_WARN_INT_CONVERSION = YES;
				CLANG_WARN_NON_LITERAL_NULL_CONVERSION = YES;
				CLANG_WARN_OBJC_IMPLICIT_RETAIN_SELF = YES;
				CLANG_WARN_OBJC_LITERAL_CONVERSION = YES;
				CLANG_WARN_OBJC_ROOT_CLASS = YES_ERROR;
				CLANG_WARN_RANGE_LOOP_ANALYSIS = YES;
				CLANG_WARN_STRICT_PROTOTYPES = YES;
				CLANG_WARN_SUSPICIOUS_MOVE = YES;
				CLANG_WARN_UNGUARDED_AVAILABILITY = YES_AGGRESSIVE;
				CLANG_WARN_UNREACHABLE_CODE = YES;
				CLANG_WARN__DUPLICATE_METHOD_MATCH = YES;
				CODE_SIGN_IDENTITY = "iPhone Developer";
				COPY_PHASE_STRIP = NO;
				DEBUG_INFORMATION_FORMAT = dwarf;
				ENABLE_STRICT_OBJC_MSGSEND = YES;
				ENABLE_TESTABILITY = YES;
				GCC_C_LANGUAGE_STANDARD = gnu11;
				GCC_DYNAMIC_NO_PIC = NO;
				GCC_NO_COMMON_BLOCKS = YES;
				GCC_OPTIMIZATION_LEVEL = 0;
				GCC_PREPROCESSOR_DEFINITIONS = (
					"DEBUG=1",
					"$(inherited)",
				);
				GCC_WARN_64_TO_32_BIT_CONVERSION = YES;
				GCC_WARN_ABOUT_RETURN_TYPE = YES_ERROR;
				GCC_WARN_UNDECLARED_SELECTOR = YES;
				GCC_WARN_UNINITIALIZED_AUTOS = YES_AGGRESSIVE;
				GCC_WARN_UNUSED_FUNCTION = YES;
				GCC_WARN_UNUSED_VARIABLE = YES;
				IPHONEOS_DEPLOYMENT_TARGET = 12.4;
				MTL_ENABLE_DEBUG_INFO = INCLUDE_SOURCE;
				MTL_FAST_MATH = YES;
				ONLY_ACTIVE_ARCH = YES;
				SDKROOT = iphoneos;
				SWIFT_ACTIVE_COMPILATION_CONDITIONS = DEBUG;
				SWIFT_OPTIMIZATION_LEVEL = "-Onone";
			};
			name = Debug;
		};
		FE24CFF8232F2FED000DB8B4 /* Release */ = {
			isa = XCBuildConfiguration;
			buildSettings = {
				ALWAYS_SEARCH_USER_PATHS = NO;
				CLANG_ANALYZER_NONNULL = YES;
				CLANG_ANALYZER_NUMBER_OBJECT_CONVERSION = YES_AGGRESSIVE;
				CLANG_CXX_LANGUAGE_STANDARD = "gnu++14";
				CLANG_CXX_LIBRARY = "libc++";
				CLANG_ENABLE_MODULES = YES;
				CLANG_ENABLE_OBJC_ARC = YES;
				CLANG_ENABLE_OBJC_WEAK = YES;
				CLANG_WARN_BLOCK_CAPTURE_AUTORELEASING = YES;
				CLANG_WARN_BOOL_CONVERSION = YES;
				CLANG_WARN_COMMA = YES;
				CLANG_WARN_CONSTANT_CONVERSION = YES;
				CLANG_WARN_DEPRECATED_OBJC_IMPLEMENTATIONS = YES;
				CLANG_WARN_DIRECT_OBJC_ISA_USAGE = YES_ERROR;
				CLANG_WARN_DOCUMENTATION_COMMENTS = YES;
				CLANG_WARN_EMPTY_BODY = YES;
				CLANG_WARN_ENUM_CONVERSION = YES;
				CLANG_WARN_INFINITE_RECURSION = YES;
				CLANG_WARN_INT_CONVERSION = YES;
				CLANG_WARN_NON_LITERAL_NULL_CONVERSION = YES;
				CLANG_WARN_OBJC_IMPLICIT_RETAIN_SELF = YES;
				CLANG_WARN_OBJC_LITERAL_CONVERSION = YES;
				CLANG_WARN_OBJC_ROOT_CLASS = YES_ERROR;
				CLANG_WARN_RANGE_LOOP_ANALYSIS = YES;
				CLANG_WARN_STRICT_PROTOTYPES = YES;
				CLANG_WARN_SUSPICIOUS_MOVE = YES;
				CLANG_WARN_UNGUARDED_AVAILABILITY = YES_AGGRESSIVE;
				CLANG_WARN_UNREACHABLE_CODE = YES;
				CLANG_WARN__DUPLICATE_METHOD_MATCH = YES;
				CODE_SIGN_IDENTITY = "iPhone Developer";
				COPY_PHASE_STRIP = NO;
				DEBUG_INFORMATION_FORMAT = "dwarf-with-dsym";
				ENABLE_NS_ASSERTIONS = NO;
				ENABLE_STRICT_OBJC_MSGSEND = YES;
				GCC_C_LANGUAGE_STANDARD = gnu11;
				GCC_NO_COMMON_BLOCKS = YES;
				GCC_WARN_64_TO_32_BIT_CONVERSION = YES;
				GCC_WARN_ABOUT_RETURN_TYPE = YES_ERROR;
				GCC_WARN_UNDECLARED_SELECTOR = YES;
				GCC_WARN_UNINITIALIZED_AUTOS = YES_AGGRESSIVE;
				GCC_WARN_UNUSED_FUNCTION = YES;
				GCC_WARN_UNUSED_VARIABLE = YES;
				IPHONEOS_DEPLOYMENT_TARGET = 12.4;
				MTL_ENABLE_DEBUG_INFO = NO;
				MTL_FAST_MATH = YES;
				SDKROOT = iphoneos;
				SWIFT_COMPILATION_MODE = wholemodule;
				SWIFT_OPTIMIZATION_LEVEL = "-O";
				VALIDATE_PRODUCT = YES;
			};
			name = Release;
		};
		FE24CFFA232F2FED000DB8B4 /* Debug */ = {
			isa = XCBuildConfiguration;
			buildSettings = {
				ASSETCATALOG_COMPILER_APPICON_NAME = AppIcon;
				CODE_SIGN_STYLE = Automatic;
				DEVELOPMENT_TEAM = 24954UJ9B3;
				INFOPLIST_FILE = MusicPlayrer/Info.plist;
				LD_RUNPATH_SEARCH_PATHS = (
					"$(inherited)",
					"@executable_path/Frameworks",
				);
				PRODUCT_BUNDLE_IDENTIFIER = com.jctobar.MusicPlayrer;
				PRODUCT_NAME = "$(TARGET_NAME)";
				SWIFT_VERSION = 5.0;
				TARGETED_DEVICE_FAMILY = "1,2";
			};
			name = Debug;
		};
		FE24CFFB232F2FED000DB8B4 /* Release */ = {
			isa = XCBuildConfiguration;
			buildSettings = {
				ASSETCATALOG_COMPILER_APPICON_NAME = AppIcon;
				CODE_SIGN_STYLE = Automatic;
				DEVELOPMENT_TEAM = 24954UJ9B3;
				INFOPLIST_FILE = MusicPlayrer/Info.plist;
				LD_RUNPATH_SEARCH_PATHS = (
					"$(inherited)",
					"@executable_path/Frameworks",
				);
				PRODUCT_BUNDLE_IDENTIFIER = com.jctobar.MusicPlayrer;
				PRODUCT_NAME = "$(TARGET_NAME)";
				SWIFT_VERSION = 5.0;
				TARGETED_DEVICE_FAMILY = "1,2";
			};
			name = Release;
		};
/* End XCBuildConfiguration section */

/* Begin XCConfigurationList section */
		FE24CFE2232F2FEC000DB8B4 /* Build configuration list for PBXProject "MusicPlayrer" */ = {
			isa = XCConfigurationList;
			buildConfigurations = (
				FE24CFF7232F2FED000DB8B4 /* Debug */,
				FE24CFF8232F2FED000DB8B4 /* Release */,
			);
			defaultConfigurationIsVisible = 0;
			defaultConfigurationName = Release;
		};
		FE24CFF9232F2FED000DB8B4 /* Build configuration list for PBXNativeTarget "MusicPlayrer" */ = {
			isa = XCConfigurationList;
			buildConfigurations = (
				FE24CFFA232F2FED000DB8B4 /* Debug */,
				FE24CFFB232F2FED000DB8B4 /* Release */,
			);
			defaultConfigurationIsVisible = 0;
			defaultConfigurationName = Release;
		};
/* End XCConfigurationList section */
	};
	rootObject = FE24CFDF232F2FEC000DB8B4 /* Project object */;
}
